
Microsoft Visual Studio Solution File, Format Version 12.00
# Visual Studio Version 17
VisualStudioVersion = 17.9.34714.143
MinimumVisualStudioVersion = 10.0.40219.1
Project("{FAE04EC0-301F-11D3-BF4B-00C04F79EFBC}") = "EvidencePojisteni", "Evidence\EvidencePojisteni.csproj", "{BD9D3868-EF6F-464D-B605-1DB4BC3734AA}"
EndProject
Global
	GlobalSection(SolutionConfigurationPlatforms) = preSolution
		Debug|Any CPU = Debug|Any CPU
		Release|Any CPU = Release|Any CPU
	EndGlobalSection
	GlobalSection(ProjectConfigurationPlatforms) = postSolution
		{BD9D3868-EF6F-464D-B605-1DB4BC3734AA}.Debug|Any CPU.ActiveCfg = Debug|Any CPU
		{BD9D3868-EF6F-464D-B605-1DB4BC3734AA}.Debug|Any CPU.Build.0 = Debug|Any CPU
		{BD9D3868-EF6F-464D-B605-1DB4BC3734AA}.Release|Any CPU.ActiveCfg = Release|Any CPU
		{BD9D3868-EF6F-464D-B605-1DB4BC3734AA}.Release|Any CPU.Build.0 = Release|Any CPU
	EndGlobalSection
	GlobalSection(SolutionProperties) = preSolution
		HideSolutionNode = FALSE
	EndGlobalSection
	GlobalSection(ExtensibilityGlobals) = postSolution
		SolutionGuid = {8F0B092C-DF11-4C3D-8912-445861E39F5E}
	EndGlobalSection
EndGlobal
